
Microsoft Visual Studio Solution File, Format Version 12.00
# Visual Studio Version 16
VisualStudioVersion = 16.0.31105.61
MinimumVisualStudioVersion = 10.0.40219.1
Project("{FAE04EC0-301F-11D3-BF4B-00C04F79EFBC}") = "Day4A2Q2", "Day4A2Q2\Day4A2Q2.csproj", "{6293A79B-43B2-45BA-9FCC-908A14CF0524}"
EndProject
Global
	GlobalSection(SolutionConfigurationPlatforms) = preSolution
		Debug|Any CPU = Debug|Any CPU
		Release|Any CPU = Release|Any CPU
	EndGlobalSection
	GlobalSection(ProjectConfigurationPlatforms) = postSolution
		{6293A79B-43B2-45BA-9FCC-908A14CF0524}.Debug|Any CPU.ActiveCfg = Debug|Any CPU
		{6293A79B-43B2-45BA-9FCC-908A14CF0524}.Debug|Any CPU.Build.0 = Debug|Any CPU
		{6293A79B-43B2-45BA-9FCC-908A14CF0524}.Release|Any CPU.ActiveCfg = Release|Any CPU
		{6293A79B-43B2-45BA-9FCC-908A14CF0524}.Release|Any CPU.Build.0 = Release|Any CPU
	EndGlobalSection
	GlobalSection(SolutionProperties) = preSolution
		HideSolutionNode = FALSE
	EndGlobalSection
	GlobalSection(ExtensibilityGlobals) = postSolution
		SolutionGuid = {E4C7277B-073E-42D0-9A7E-CB51E87698F4}
	EndGlobalSection
EndGlobal
