
Microsoft Visual Studio Solution File, Format Version 12.00
# Visual Studio Version 16
VisualStudioVersion = 16.0.31105.61
MinimumVisualStudioVersion = 10.0.40219.1
Project("{FAE04EC0-301F-11D3-BF4B-00C04F79EFBC}") = "Day4A3Q2", "Day4A3Q2\Day4A3Q2.csproj", "{62B97917-2759-4039-9A89-AD9CDC21B58D}"
EndProject
Global
	GlobalSection(SolutionConfigurationPlatforms) = preSolution
		Debug|Any CPU = Debug|Any CPU
		Release|Any CPU = Release|Any CPU
	EndGlobalSection
	GlobalSection(ProjectConfigurationPlatforms) = postSolution
		{62B97917-2759-4039-9A89-AD9CDC21B58D}.Debug|Any CPU.ActiveCfg = Debug|Any CPU
		{62B97917-2759-4039-9A89-AD9CDC21B58D}.Debug|Any CPU.Build.0 = Debug|Any CPU
		{62B97917-2759-4039-9A89-AD9CDC21B58D}.Release|Any CPU.ActiveCfg = Release|Any CPU
		{62B97917-2759-4039-9A89-AD9CDC21B58D}.Release|Any CPU.Build.0 = Release|Any CPU
	EndGlobalSection
	GlobalSection(SolutionProperties) = preSolution
		HideSolutionNode = FALSE
	EndGlobalSection
	GlobalSection(ExtensibilityGlobals) = postSolution
		SolutionGuid = {437464ED-CB44-4484-A236-7E991D56A693}
	EndGlobalSection
EndGlobal
