
Microsoft Visual Studio Solution File, Format Version 12.00
# Visual Studio Version 16
VisualStudioVersion = 16.0.31105.61
MinimumVisualStudioVersion = 10.0.40219.1
Project("{FAE04EC0-301F-11D3-BF4B-00C04F79EFBC}") = "AssignmentsWeek1", "AssignmentsWeek1\AssignmentsWeek1.csproj", "{361AC56C-82A8-4FD2-A6B7-58A139AB7DBA}"
EndProject
Global
	GlobalSection(SolutionConfigurationPlatforms) = preSolution
		Debug|Any CPU = Debug|Any CPU
		Release|Any CPU = Release|Any CPU
	EndGlobalSection
	GlobalSection(ProjectConfigurationPlatforms) = postSolution
		{361AC56C-82A8-4FD2-A6B7-58A139AB7DBA}.Debug|Any CPU.ActiveCfg = Debug|Any CPU
		{361AC56C-82A8-4FD2-A6B7-58A139AB7DBA}.Debug|Any CPU.Build.0 = Debug|Any CPU
		{361AC56C-82A8-4FD2-A6B7-58A139AB7DBA}.Release|Any CPU.ActiveCfg = Release|Any CPU
		{361AC56C-82A8-4FD2-A6B7-58A139AB7DBA}.Release|Any CPU.Build.0 = Release|Any CPU
	EndGlobalSection
	GlobalSection(SolutionProperties) = preSolution
		HideSolutionNode = FALSE
	EndGlobalSection
	GlobalSection(ExtensibilityGlobals) = postSolution
		SolutionGuid = {BA90AE48-2790-469C-96AB-2099D0DF700B}
	EndGlobalSection
EndGlobal
